{
  "version": "4",
  "specifiers": {
    "jsr:@david/dax@0.42": "0.42.0",
    "jsr:@david/path@0.2": "0.2.0",
    "jsr:@david/which@~0.4.1": "0.4.1",
    "jsr:@std/assert@0.221": "0.221.0",
    "jsr:@std/assert@1": "1.0.12",
    "jsr:@std/bytes@0.221": "0.221.0",
    "jsr:@std/fmt@1": "1.0.6",
    "jsr:@std/fs@1": "1.0.14",
    "jsr:@std/internal@^1.0.6": "1.0.6",
    "jsr:@std/io@0.221": "0.221.0",
    "jsr:@std/path@1": "1.0.8",
    "jsr:@std/path@^1.0.8": "1.0.8",
    "jsr:@std/streams@0.221": "0.221.0",
    "npm:@ai-sdk/anthropic@*": "1.2.6_zod@3.24.2",
    "npm:@ai-sdk/anthropic@^1.2.7": "1.2.7_zod@3.24.2",
    "npm:@ai-sdk/deepseek@*": "0.2.6_zod@3.24.2",
    "npm:@ai-sdk/deepseek@~0.2.7": "0.2.7_zod@3.24.2",
    "npm:@ai-sdk/google@*": "1.2.8_zod@3.24.2",
    "npm:@ai-sdk/google@^1.2.9": "1.2.9_zod@3.24.2",
    "npm:@ai-sdk/openai@^1.3.9": "1.3.9_zod@3.24.2",
    "npm:@electric-sql/pglite@*": "0.2.17",
    "npm:@electric-sql/pglite@~0.2.17": "0.2.17",
    "npm:@mizchi/readability@0.5": "0.5.0_htmlparser2@10.0.0",
    "npm:@mizchi/readability@0.5.0": "0.5.0_htmlparser2@10.0.0",
    "npm:@types/node@*": "22.12.0",
    "npm:ai@*": "4.3.2_zod@3.24.2",
    "npm:ai@^4.3.3": "4.3.3_zod@3.24.2",
    "npm:drizzle-orm@0.41": "0.41.0_@electric-sql+pglite@0.2.17"
  },
  "jsr": {
    "@david/dax@0.42.0": {
      "integrity": "0c547c9a20577a6072b90def194c159c9ddab82280285ebfd8268a4ebefbd80b",
      "dependencies": [
        "jsr:@david/path",
        "jsr:@david/which",
        "jsr:@std/fmt",
        "jsr:@std/fs",
        "jsr:@std/io",
        "jsr:@std/path@1",
        "jsr:@std/streams"
      ]
    },
    "@david/path@0.2.0": {
      "integrity": "f2d7aa7f02ce5a55e27c09f9f1381794acb09d328f8d3c8a2e3ab3ffc294dccd",
      "dependencies": [
        "jsr:@std/fs",
        "jsr:@std/path@1"
      ]
    },
    "@david/which@0.4.1": {
      "integrity": "896a682b111f92ab866cc70c5b4afab2f5899d2f9bde31ed00203b9c250f225e"
    },
    "@std/assert@0.221.0": {
      "integrity": "a5f1aa6e7909dbea271754fd4ab3f4e687aeff4873b4cef9a320af813adb489a"
    },
    "@std/assert@1.0.12": {
      "integrity": "08009f0926dda9cbd8bef3a35d3b6a4b964b0ab5c3e140a4e0351fbf34af5b9a",
      "dependencies": [
        "jsr:@std/internal"
      ]
    },
    "@std/bytes@0.221.0": {
      "integrity": "64a047011cf833890a4a2ab7293ac55a1b4f5a050624ebc6a0159c357de91966"
    },
    "@std/fmt@1.0.6": {
      "integrity": "a2c56a69a2369876ddb3ad6a500bb6501b5bad47bb3ea16bfb0c18974d2661fc"
    },
    "@std/fs@1.0.14": {
      "integrity": "1e84bf0b95fe08f41f1f4aea9717bbf29f45408a56ce073b0114474ce1c9fccf",
      "dependencies": [
        "jsr:@std/path@^1.0.8"
      ]
    },
    "@std/internal@1.0.6": {
      "integrity": "9533b128f230f73bd209408bb07a4b12f8d4255ab2a4d22a1fd6d87304aca9a4"
    },
    "@std/io@0.221.0": {
      "integrity": "faf7f8700d46ab527fa05cc6167f4b97701a06c413024431c6b4d207caa010da",
      "dependencies": [
        "jsr:@std/assert@0.221",
        "jsr:@std/bytes"
      ]
    },
    "@std/path@1.0.8": {
      "integrity": "548fa456bb6a04d3c1a1e7477986b6cffbce95102d0bb447c67c4ee70e0364be"
    },
    "@std/streams@0.221.0": {
      "integrity": "47f2f74634b47449277c0ee79fe878da4424b66bd8975c032e3afdca88986e61",
      "dependencies": [
        "jsr:@std/io"
      ]
    }
  },
  "npm": {
    "@ai-sdk/anthropic@1.2.6_zod@3.24.2": {
      "integrity": "sha512-Mt8ZSkhwnKHfwPPIviv3xgRE/nch2Mu4Fdh7oJDJvPDRJ6tNidCJd3TMwdlrlzPskF7hxCmXmd36yBgZZgt4cA==",
      "dependencies": [
        "@ai-sdk/provider@1.1.0",
        "@ai-sdk/provider-utils@2.2.4_zod@3.24.2",
        "zod"
      ]
    },
    "@ai-sdk/anthropic@1.2.7_zod@3.24.2": {
      "integrity": "sha512-4U5ysC88kZvFSuUnTzoovUlq7ktQMVUlwVfU6CXcQvq43mpTyHoDGsVjDvf580Lelo9xnXLFodRiabKeKR/4Dg==",
      "dependencies": [
        "@ai-sdk/provider@1.1.1",
        "@ai-sdk/provider-utils@2.2.5_zod@3.24.2",
        "zod"
      ]
    },
    "@ai-sdk/deepseek@0.2.6_zod@3.24.2": {
      "integrity": "sha512-3ucedFAGrR6p4OxPc+hukL41+y/m+vPS9OvpvfOk5kZ4VxmpfnXY38riONSpNpK1UIJh8p5GwovVSz0Ybqhc8w==",
      "dependencies": [
        "@ai-sdk/openai-compatible@0.2.6_zod@3.24.2",
        "@ai-sdk/provider@1.1.0",
        "@ai-sdk/provider-utils@2.2.4_zod@3.24.2",
        "zod"
      ]
    },
    "@ai-sdk/deepseek@0.2.7_zod@3.24.2": {
      "integrity": "sha512-q3/UDkac3G6tJZng7wpbmNUS9KAawx1DcySHAZz1wyjEnkIVsayFzUzViOqdw3BDqSX4eVVgCKd56jTFVUSa/A==",
      "dependencies": [
        "@ai-sdk/openai-compatible@0.2.7_zod@3.24.2",
        "@ai-sdk/provider@1.1.1",
        "@ai-sdk/provider-utils@2.2.5_zod@3.24.2",
        "zod"
      ]
    },
    "@ai-sdk/google@1.2.8_zod@3.24.2": {
      "integrity": "sha512-Q7Y71KGyH5sennNev5xZvt5MhxWlu+crp7tZZtdFbQ9iDkOGrl+TurPssqM0Wv5lYmV+Lc8m14CK9/k7nF2IRA==",
      "dependencies": [
        "@ai-sdk/provider@1.1.0",
        "@ai-sdk/provider-utils@2.2.4_zod@3.24.2",
        "zod"
      ]
    },
    "@ai-sdk/google@1.2.9_zod@3.24.2": {
      "integrity": "sha512-594vn1fa+uuPzDjf+1CNCnni7aiMDJAOjTD63A4UscGWwrIAr+FAt6sx4xip/kOsd9OJPfMp/vdRS26EujV4Zg==",
      "dependencies": [
        "@ai-sdk/provider@1.1.1",
        "@ai-sdk/provider-utils@2.2.5_zod@3.24.2",
        "zod"
      ]
    },
    "@ai-sdk/openai-compatible@0.2.6_zod@3.24.2": {
      "integrity": "sha512-UOPEWIqG3l5K9O+p7gqiCOWzx66JtmG9v9Mab+S4E7WE34EN6u1QS1pX+RDlRDhZ0/8gNJif0r4Xlc+Ti03yNA==",
      "dependencies": [
        "@ai-sdk/provider@1.1.0",
        "@ai-sdk/provider-utils@2.2.4_zod@3.24.2",
        "zod"
      ]
    },
    "@ai-sdk/openai-compatible@0.2.7_zod@3.24.2": {
      "integrity": "sha512-NZsXOzy/WUtvhEsvfY+UIhtQg1WwvlGeh8CgPxpWRv3TJSPgj46XKPiae4lCe34+EljmcNnW6emBI5APdcY6BQ==",
      "dependencies": [
        "@ai-sdk/provider@1.1.1",
        "@ai-sdk/provider-utils@2.2.5_zod@3.24.2",
        "zod"
      ]
    },
    "@ai-sdk/openai@1.3.9_zod@3.24.2": {
      "integrity": "sha512-XSkGWewA7UzyJu6Pfkzp4GsIqnyiE3tONlRh9WYBAZkD67bh3LY7wY+CGSuJzMkv/o4dBPT0gpVc9f7nn4D3rw==",
      "dependencies": [
        "@ai-sdk/provider@1.1.2",
        "@ai-sdk/provider-utils@2.2.6_zod@3.24.2",
        "zod"
      ]
    },
    "@ai-sdk/provider-utils@2.2.4_zod@3.24.2": {
      "integrity": "sha512-13sEGBxB6kgaMPGOgCLYibF6r8iv8mgjhuToFrOTU09bBxbFQd8ZoARarCfJN6VomCUbUvMKwjTBLb1vQnN+WA==",
      "dependencies": [
        "@ai-sdk/provider@1.1.0",
        "nanoid",
        "secure-json-parse",
        "zod"
      ]
    },
    "@ai-sdk/provider-utils@2.2.5_zod@3.24.2": {
      "integrity": "sha512-9WNqJFsqrkSoSxM7eQEh8TdpMD+hZ+hjsZH8WuvEOxilRo1WAVrnrGwm160OG3IZVNlegRNaPgjYGm/VH5uwUQ==",
      "dependencies": [
        "@ai-sdk/provider@1.1.1",
        "nanoid",
        "secure-json-parse",
        "zod"
      ]
    },
    "@ai-sdk/provider-utils@2.2.6_zod@3.24.2": {
      "integrity": "sha512-sUlZ7Gnq84DCGWMQRIK8XVbkzIBnvPR1diV4v6JwPgpn5armnLI/j+rqn62MpLrU5ZCQZlDKl/Lw6ed3ulYqaA==",
      "dependencies": [
        "@ai-sdk/provider@1.1.2",
        "nanoid",
        "secure-json-parse",
        "zod"
      ]
    },
    "@ai-sdk/provider@1.1.0": {
      "integrity": "sha512-0M+qjp+clUD0R1E5eWQFhxEvWLNaOtGQRUaBn8CUABnSKredagq92hUS9VjOzGsTm37xLfpaxl97AVtbeOsHew==",
      "dependencies": [
        "json-schema"
      ]
    },
    "@ai-sdk/provider@1.1.1": {
      "integrity": "sha512-oGto9sz6CSn2Pa6uLPBiCrjphdRIwW/ua9g8W0mzt6o7jPkgdWwCC8XHAKLlfLxRAwHs2lFHc9i+S/cij9LnDA==",
      "dependencies": [
        "json-schema"
      ]
    },
    "@ai-sdk/provider@1.1.2": {
      "integrity": "sha512-ITdgNilJZwLKR7X5TnUr1BsQW6UTX5yFp0h66Nfx8XjBYkWD9W3yugr50GOz3CnE9m/U/Cd5OyEbTMI0rgi6ZQ==",
      "dependencies": [
        "json-schema"
      ]
    },
    "@ai-sdk/react@1.2.6_react@19.1.0_zod@3.24.2": {
      "integrity": "sha512-5BFChNbcYtcY9MBStcDev7WZRHf0NpTrk8yfSoedWctB3jfWkFd1HECBvdc8w3mUQshF2MumLHtAhRO7IFtGGQ==",
      "dependencies": [
        "@ai-sdk/provider-utils@2.2.4_zod@3.24.2",
        "@ai-sdk/ui-utils@1.2.5_zod@3.24.2",
        "react",
        "swr",
        "throttleit",
        "zod"
      ]
    },
    "@ai-sdk/react@1.2.7_react@19.1.0_zod@3.24.2": {
      "integrity": "sha512-XJAc6qpJagfcO8fH25//4ZStwV79jqE0orQN2QI5gwk5Wq+kqQHznr4LCBvt+MtYPpOQDTdcY5vr0IvzicBVwA==",
      "dependencies": [
        "@ai-sdk/provider-utils@2.2.5_zod@3.24.2",
        "@ai-sdk/ui-utils@1.2.6_zod@3.24.2",
        "react",
        "swr",
        "throttleit",
        "zod"
      ]
    },
    "@ai-sdk/ui-utils@1.2.5_zod@3.24.2": {
      "integrity": "sha512-XDgqnJcaCkDez7qolvk+PDbs/ceJvgkNkxkOlc9uDWqxfDJxtvCZ+14MP/1qr4IBwGIgKVHzMDYDXvqVhSWLzg==",
      "dependencies": [
        "@ai-sdk/provider@1.1.0",
        "@ai-sdk/provider-utils@2.2.4_zod@3.24.2",
        "zod",
        "zod-to-json-schema"
      ]
    },
    "@ai-sdk/ui-utils@1.2.6_zod@3.24.2": {
      "integrity": "sha512-jO1tr6wtQKzHUEHq49ev1Hf66rGHFpEAbGLTJfLPkDH3a7O052oFGTvNloRo26gzsr0906kgGNelTcenFMH87A==",
      "dependencies": [
        "@ai-sdk/provider@1.1.1",
        "@ai-sdk/provider-utils@2.2.5_zod@3.24.2",
        "zod",
        "zod-to-json-schema"
      ]
    },
    "@electric-sql/pglite@0.2.17": {
      "integrity": "sha512-qEpKRT2oUaWDH6tjRxLHjdzMqRUGYDnGZlKrnL4dJ77JVMcP2Hpo3NYnOSPKdZdeec57B6QPprCUFg0picx5Pw=="
    },
    "@mizchi/readability@0.5.0_htmlparser2@10.0.0": {
      "integrity": "sha512-zjb8yQ1fefKIV1P29WFbQ64c9D6ZFlaYAwwRGkmG4/XYHbNt5dNDb1l8cQMhXIKFvBjCpu0QVOlSCm+o7IZoNw==",
      "dependencies": [
        "htmlparser2"
      ]
    },
    "@opentelemetry/api@1.9.0": {
      "integrity": "sha512-3giAOQvZiH5F9bMlMiv8+GSPMeqg0dbaeo58/0SlA9sxSqZhnUtxzX9/2FzyhS9sWQf5S0GJE0AKBrFqjpeYcg=="
    },
    "@types/diff-match-patch@1.0.36": {
      "integrity": "sha512-xFdR6tkm0MWvBfO8xXCSsinYxHcqkQUlcHeSpMC2ukzOb6lwQAfDmW+Qt0AvlGd8HpsS28qKsB+oPeJn9I39jg=="
    },
    "@types/node@22.12.0": {
      "integrity": "sha512-Fll2FZ1riMjNmlmJOdAyY5pUbkftXslB5DgEzlIuNaiWhXd00FhWxVC/r4yV/4wBb9JfImTu+jiSvXTkJ7F/gA==",
      "dependencies": [
        "undici-types"
      ]
    },
    "ai@4.3.2_zod@3.24.2": {
      "integrity": "sha512-h643SfhKil0Pnxk2tVIazFDL1JevutUghvc3mOpWqJFMcudmgtwQYlvxCkwSfljrrq+qIfne8d6jCihMMhM7pw==",
      "dependencies": [
        "@ai-sdk/provider@1.1.0",
        "@ai-sdk/provider-utils@2.2.4_zod@3.24.2",
        "@ai-sdk/react@1.2.6_react@19.1.0_zod@3.24.2",
        "@ai-sdk/ui-utils@1.2.5_zod@3.24.2",
        "@opentelemetry/api",
        "jsondiffpatch",
        "zod"
      ]
    },
    "ai@4.3.3_zod@3.24.2": {
      "integrity": "sha512-9A/0SHSferCA93yaJzYxkBTvAXdlNxCpE+ChVJJsNNUNWRwroIfe1JQitDofw30ZTeH7hAiWECb1lcOc3o3AHQ==",
      "dependencies": [
        "@ai-sdk/provider@1.1.1",
        "@ai-sdk/provider-utils@2.2.5_zod@3.24.2",
        "@ai-sdk/react@1.2.7_react@19.1.0_zod@3.24.2",
        "@ai-sdk/ui-utils@1.2.6_zod@3.24.2",
        "@opentelemetry/api",
        "jsondiffpatch",
        "zod"
      ]
    },
    "chalk@5.4.1": {
      "integrity": "sha512-zgVZuo2WcZgfUEmsn6eO3kINexW8RAE4maiQ8QNs8CtpPCSyMiYsULR3HQYkm3w8FIA3SberyMJMSldGsW+U3w=="
    },
    "dequal@2.0.3": {
      "integrity": "sha512-0je+qPKHEMohvfRTCEo3CrPG6cAzAYgmzKyxRiYSSDkS6eGJdyVJm7WaYA5ECaAD9wLB2T4EEeymA5aFVcYXCA=="
    },
    "diff-match-patch@1.0.5": {
      "integrity": "sha512-IayShXAgj/QMXgB0IWmKx+rOPuGMhqm5w6jvFxmVenXKIzRqTAAsbBPT3kWQeGANj3jGgvcvv4yK6SxqYmikgw=="
    },
    "dom-serializer@2.0.0": {
      "integrity": "sha512-wIkAryiqt/nV5EQKqQpo3SToSOV9J0DnbJqwK7Wv/Trc92zIAYZ4FlMu+JPFW1DfGFt81ZTCGgDEabffXeLyJg==",
      "dependencies": [
        "domelementtype",
        "domhandler",
        "entities@4.5.0"
      ]
    },
    "domelementtype@2.3.0": {
      "integrity": "sha512-OLETBj6w0OsagBwdXnPdN0cnMfF9opN69co+7ZrbfPGrdpPVNBUj02spi6B1N7wChLQiPn4CSH/zJvXw56gmHw=="
    },
    "domhandler@5.0.3": {
      "integrity": "sha512-cgwlv/1iFQiFnU96XXgROh8xTeetsnJiDsTc7TYCLFd9+/WNkIqPTxiM/8pSd8VIrhXGTf1Ny1q1hquVqDJB5w==",
      "dependencies": [
        "domelementtype"
      ]
    },
    "domutils@3.2.2": {
      "integrity": "sha512-6kZKyUajlDuqlHKVX1w7gyslj9MPIXzIFiz/rGu35uC1wMi+kMhQwGhl4lt9unC9Vb9INnY9Z3/ZA3+FhASLaw==",
      "dependencies": [
        "dom-serializer",
        "domelementtype",
        "domhandler"
      ]
    },
    "drizzle-orm@0.41.0_@electric-sql+pglite@0.2.17": {
      "integrity": "sha512-7A4ZxhHk9gdlXmTdPj/lREtP+3u8KvZ4yEN6MYVxBzZGex5Wtdc+CWSbu7btgF6TB0N+MNPrvW7RKBbxJchs/Q==",
      "dependencies": [
        "@electric-sql/pglite"
      ]
    },
    "entities@4.5.0": {
      "integrity": "sha512-V0hjH4dGPh9Ao5p0MoRY6BVqtwCjhz6vI5LT8AJ55H+4g9/4vbHx1I54fS0XuclLhDHArPQCiMjDxjaL8fPxhw=="
    },
    "entities@6.0.0": {
      "integrity": "sha512-aKstq2TDOndCn4diEyp9Uq/Flu2i1GlLkc6XIDQSDMuaFE3OPW5OphLCyQ5SpSJZTb4reN+kTcYru5yIfXoRPw=="
    },
    "htmlparser2@10.0.0": {
      "integrity": "sha512-TwAZM+zE5Tq3lrEHvOlvwgj1XLWQCtaaibSN11Q+gGBAS7Y1uZSWwXXRe4iF6OXnaq1riyQAPFOBtYc77Mxq0g==",
      "dependencies": [
        "domelementtype",
        "domhandler",
        "domutils",
        "entities@6.0.0"
      ]
    },
    "json-schema@0.4.0": {
      "integrity": "sha512-es94M3nTIfsEPisRafak+HDLfHXnKBhV3vU5eqPcS3flIWqcxJWgXHXiey3YrpaNsanY5ei1VoYEbOzijuq9BA=="
    },
    "jsondiffpatch@0.6.0": {
      "integrity": "sha512-3QItJOXp2AP1uv7waBkao5nCvhEv+QmJAd38Ybq7wNI74Q+BBmnLn4EDKz6yI9xGAIQoUF87qHt+kc1IVxB4zQ==",
      "dependencies": [
        "@types/diff-match-patch",
        "chalk",
        "diff-match-patch"
      ]
    },
    "nanoid@3.3.11": {
      "integrity": "sha512-N8SpfPUnUp1bK+PMYW8qSWdl9U+wwNWI4QKxOYDy9JAro3WMX7p2OeVRF9v+347pnakNevPmiHhNmZ2HbFA76w=="
    },
    "react@19.1.0": {
      "integrity": "sha512-FS+XFBNvn3GTAWq26joslQgWNoFu08F4kl0J4CgdNKADkdSGXQyTCnKteIAJy96Br6YbpEU1LSzV5dYtjMkMDg=="
    },
    "secure-json-parse@2.7.0": {
      "integrity": "sha512-6aU+Rwsezw7VR8/nyvKTx8QpWH9FrcYiXXlqC4z5d5XQBDRqtbfsRjnwGyqbi3gddNtWHuEk9OANUotL26qKUw=="
    },
    "swr@2.3.3_react@19.1.0": {
      "integrity": "sha512-dshNvs3ExOqtZ6kJBaAsabhPdHyeY4P2cKwRCniDVifBMoG/SVI7tfLWqPXriVspf2Rg4tPzXJTnwaihIeFw2A==",
      "dependencies": [
        "dequal",
        "react",
        "use-sync-external-store"
      ]
    },
    "throttleit@2.1.0": {
      "integrity": "sha512-nt6AMGKW1p/70DF/hGBdJB57B8Tspmbp5gfJ8ilhLnt7kkr2ye7hzD6NVG8GGErk2HWF34igrL2CXmNIkzKqKw=="
    },
    "undici-types@6.20.0": {
      "integrity": "sha512-Ny6QZ2Nju20vw1SRHe3d9jVu6gJ+4e3+MMpqu7pqE5HT6WsTSlce++GQmK5UXS8mzV8DSYHrQH+Xrf2jVcuKNg=="
    },
    "use-sync-external-store@1.5.0_react@19.1.0": {
      "integrity": "sha512-Rb46I4cGGVBmjamjphe8L/UnvJD+uPPtTkNvX5mZgqdbavhI4EbgIWJiIHXJ8bc/i9EQGPRh4DwEURJ552Do0A==",
      "dependencies": [
        "react"
      ]
    },
    "zod-to-json-schema@3.24.5_zod@3.24.2": {
      "integrity": "sha512-/AuWwMP+YqiPbsJx5D6TfgRTc4kTLjsh5SOcd4bLsfUg2RcEXrFMJl1DGgdHy2aCfsIA/cr/1JM0xcB2GZji8g==",
      "dependencies": [
        "zod"
      ]
    },
    "zod@3.24.2": {
      "integrity": "sha512-lY7CDW43ECgW9u1TcT3IoXHflywfVqDYze4waEz812jR/bZ8FHDsl7pFQoSZTz5N+2NqRXs8GBwnAwo3ZNxqhQ=="
    }
  },
  "workspace": {
    "dependencies": [
      "jsr:@david/dax@0.42",
      "jsr:@std/assert@1",
      "npm:@ai-sdk/anthropic@^1.2.7",
      "npm:@ai-sdk/deepseek@~0.2.7",
      "npm:@ai-sdk/google@^1.2.9",
      "npm:@ai-sdk/openai@^1.3.9",
      "npm:@electric-sql/pglite@~0.2.17",
      "npm:@mizchi/readability@0.5",
      "npm:ai@^4.3.3",
      "npm:drizzle-orm@0.41"
    ]
  }
}
